# This file is generated by running "yarn install" inside your project.
# Manual changes might be lost - proceed with caution!

__metadata:
  version: 7
  cacheKey: 9

"4337entrypoint@workspace:.":
  version: 0.0.0-use.local
  resolution: "4337entrypoint@workspace:."
  dependencies:
    "@apollo/client": "npm:^3.7.16"
    "@graphprotocol/graph-ts": "npm:^0.31.0"
    axios: "npm:^1.4.0"
    fs: "npm:^0.0.1-security"
    graphql: "npm:^16.7.1"
    matchstick-as: "npm:0.5.0"
    moment: "npm:^2.29.4"
    react: "npm:^18.2.0"
  languageName: unknown
  linkType: soft

"@apollo/client@npm:^3.7.16":
  version: 3.7.16
  resolution: "@apollo/client@npm:3.7.16"
  dependencies:
    "@graphql-typed-document-node/core": "npm:^3.1.1"
    "@wry/context": "npm:^0.7.0"
    "@wry/equality": "npm:^0.5.0"
    "@wry/trie": "npm:^0.4.0"
    graphql-tag: "npm:^2.12.6"
    hoist-non-react-statics: "npm:^3.3.2"
    optimism: "npm:^0.16.2"
    prop-types: "npm:^15.7.2"
    response-iterator: "npm:^0.2.6"
    symbol-observable: "npm:^4.0.0"
    ts-invariant: "npm:^0.10.3"
    tslib: "npm:^2.3.0"
    zen-observable-ts: "npm:^1.2.5"
  peerDependencies:
    graphql: ^14.0.0 || ^15.0.0 || ^16.0.0
    graphql-ws: ^5.5.5
    react: ^16.8.0 || ^17.0.0 || ^18.0.0
    react-dom: ^16.8.0 || ^17.0.0 || ^18.0.0
    subscriptions-transport-ws: ^0.9.0 || ^0.11.0
  peerDependenciesMeta:
    graphql-ws:
      optional: true
    react:
      optional: true
    react-dom:
      optional: true
    subscriptions-transport-ws:
      optional: true
  checksum: e827303aa3d1765bf73ab239bca8046b0b73934ee9de25925457b0a5b999a59127412343f22aa474fe1653efce2bc2b94bead467b6533d6731b72e330cdde79e
  languageName: node
  linkType: hard

"@graphprotocol/graph-ts@npm:^0.27.0":
  version: 0.27.0
  resolution: "@graphprotocol/graph-ts@npm:0.27.0"
  dependencies:
    assemblyscript: "npm:0.19.10"
  checksum: 6de29751f90c1cc061854da2e435611060cac6ddf29616831584d65f3c3e5ea05809ab20b1cee5805fa09cd0038cf713d07818afb28bd8ab04283b55afaa248f
  languageName: node
  linkType: hard

"@graphprotocol/graph-ts@npm:^0.31.0":
  version: 0.31.0
  resolution: "@graphprotocol/graph-ts@npm:0.31.0"
  dependencies:
    assemblyscript: "npm:0.19.10"
  checksum: b9c5c3870c0b8a152c191067b666701cb1b547910049a9fa41dcd8e8fdbf7de42f8485d2f4b74370ab1fe21f708189334c52de9d00ee0eb10ab4bdba4a3b57cf
  languageName: node
  linkType: hard

"@graphql-typed-document-node/core@npm:^3.1.1":
  version: 3.2.0
  resolution: "@graphql-typed-document-node/core@npm:3.2.0"
  peerDependencies:
    graphql: ^0.8.0 || ^0.9.0 || ^0.10.0 || ^0.11.0 || ^0.12.0 || ^0.13.0 || ^14.0.0 || ^15.0.0 || ^16.0.0 || ^17.0.0
  checksum: 9775c4e54324d6ce6ad505940a0c351ee42899088f436702476b3b93eaa60f7f646c459657d08a9e8793a91067cd55c18e1091bf2045b346f2e55fb37a1e8baa
  languageName: node
  linkType: hard

"@wry/context@npm:^0.7.0":
  version: 0.7.3
  resolution: "@wry/context@npm:0.7.3"
  dependencies:
    tslib: "npm:^2.3.0"
  checksum: 83dc120752cf682916e4fe3de2805a737241158ccfa7307df3a6968e0e2242be3b0a192531a7fc32409e5386a9c3d452695a64350ddd7ff478de00c319ce2634
  languageName: node
  linkType: hard

"@wry/equality@npm:^0.5.0":
  version: 0.5.6
  resolution: "@wry/equality@npm:0.5.6"
  dependencies:
    tslib: "npm:^2.3.0"
  checksum: 92ebf6df2ffc97e00dde1cee624c40e3ae52385ac969f9a2f775f793615e0f8b7388a132478ac47f131aa2d7643723a8617db562966a19bd49ae0ea83fa57068
  languageName: node
  linkType: hard

"@wry/trie@npm:^0.3.0":
  version: 0.3.2
  resolution: "@wry/trie@npm:0.3.2"
  dependencies:
    tslib: "npm:^2.3.0"
  checksum: d43c68a64e9c2094675cf0bd9b4ba282603a56960fdc0a852d03b735b32e0e94bd337fa3cc8e61df6537be32cf8a802d616d6771903db0970c7c251f32126aea
  languageName: node
  linkType: hard

"@wry/trie@npm:^0.4.0":
  version: 0.4.3
  resolution: "@wry/trie@npm:0.4.3"
  dependencies:
    tslib: "npm:^2.3.0"
  checksum: 8e5abacf2668e1c8196a47eb5e442d35b661b12e1a8e876606ddf1d550b67a94dd8b4f22f3912882c6c95083104990a8dad296b8ec81d92264744fb3189105ef
  languageName: node
  linkType: hard

"assemblyscript@npm:0.19.10":
  version: 0.19.10
  resolution: "assemblyscript@npm:0.19.10"
  dependencies:
    binaryen: "npm:101.0.0-nightly.20210723"
    long: "npm:^4.0.0"
  bin:
    asc: bin/asc
    asinit: bin/asinit
  checksum: b0e9f6c689501b652f21f018a26a9afcc1bd487f3304613c78da23ff996b0808d6c27b5902ecbec0e06eea06a991147d40610ba311e9fda6a67a957e63338be0
  languageName: node
  linkType: hard

"assemblyscript@npm:^0.19.20":
  version: 0.19.23
  resolution: "assemblyscript@npm:0.19.23"
  dependencies:
    binaryen: "npm:102.0.0-nightly.20211028"
    long: "npm:^5.2.0"
    source-map-support: "npm:^0.5.20"
  bin:
    asc: bin/asc
    asinit: bin/asinit
  checksum: 593f5eaaa7b67951c79100075ad0375fbb7eb11e23f2a9a443a104da0f66e9eb444c5d0f2b172efd62a936d5860e4be8dfc66c9f83ee7ea2fe0b2b8f8388a742
  languageName: node
  linkType: hard

"asynckit@npm:^0.4.0":
  version: 0.4.0
  resolution: "asynckit@npm:0.4.0"
  checksum: e4d1381289f9effe69a4dbc18e8b4e2059113dfb23634d0f4064226042870dbc53175fbf261f982d055fa2952163a8b7608781ea58314a17bb6a2cd6815af4f1
  languageName: node
  linkType: hard

"axios@npm:^1.4.0":
  version: 1.4.0
  resolution: "axios@npm:1.4.0"
  dependencies:
    follow-redirects: "npm:^1.15.0"
    form-data: "npm:^4.0.0"
    proxy-from-env: "npm:^1.1.0"
  checksum: 391f7fdb89b0c09d72b825eccf396b3b501c569e8dab759155c4f84b47bb4004432b99d8686758493a3b1d1673c5efd0e4b948108bb0d3de74ca1a8d30877aa6
  languageName: node
  linkType: hard

"binaryen@npm:101.0.0-nightly.20210723":
  version: 101.0.0-nightly.20210723
  resolution: "binaryen@npm:101.0.0-nightly.20210723"
  bin:
    wasm-opt: bin/wasm-opt
  checksum: 7ff81f078bf2f819ad76bdd77bcfe916c625e07b952b2dd2d11f7d53c31cdf9d4a4558b474b3ad5374eaebca13e1434f578bcf5c9779af05fd1e10de49af931f
  languageName: node
  linkType: hard

"binaryen@npm:102.0.0-nightly.20211028":
  version: 102.0.0-nightly.20211028
  resolution: "binaryen@npm:102.0.0-nightly.20211028"
  bin:
    wasm-opt: bin/wasm-opt
  checksum: 50f3f4dcd43e34de7191921df6b837b82400de624f469c5014e32620c469a1b8c2798f41fe1f60f59a7970fe267f03ec9ae457f6f2c8e26022f901e5415d2e7a
  languageName: node
  linkType: hard

"buffer-from@npm:^1.0.0":
  version: 1.1.2
  resolution: "buffer-from@npm:1.1.2"
  checksum: 2d8a264381325ee41959bb21bae76dc85b486f253e227a3fa70082c83f14c41665ce227ccda79e93ea2fc12e37a678fe956a6fa01b1876e6142eaf6554585ea4
  languageName: node
  linkType: hard

"combined-stream@npm:^1.0.8":
  version: 1.0.8
  resolution: "combined-stream@npm:1.0.8"
  dependencies:
    delayed-stream: "npm:~1.0.0"
  checksum: c3224efc798a4f2066ff2f65c28d60b48ec73b38bf76331ecc61814875cc5c8a93beccc268ca08aaa98a141c262de5787d68685b6682b8b67ad2dadb8bd2ddd2
  languageName: node
  linkType: hard

"delayed-stream@npm:~1.0.0":
  version: 1.0.0
  resolution: "delayed-stream@npm:1.0.0"
  checksum: 22f11ed342773dbc427e84d5a972e5c67fc34a44bf80eead5a41d8697c9303ae32991e568921cbd82553deeb1b33f3d6ecc148bf0efe3789589c8cb7b0e1a53a
  languageName: node
  linkType: hard

"follow-redirects@npm:^1.15.0":
  version: 1.15.2
  resolution: "follow-redirects@npm:1.15.2"
  peerDependenciesMeta:
    debug:
      optional: true
  checksum: 930171f8b81bf00e9368df4b17f3b835934762d51192632af53a51a8a608d5510a1ffbc6da5761dce9996cdbd750740490ca844320e5ff11cdaf2329a5a69647
  languageName: node
  linkType: hard

"form-data@npm:^4.0.0":
  version: 4.0.0
  resolution: "form-data@npm:4.0.0"
  dependencies:
    asynckit: "npm:^0.4.0"
    combined-stream: "npm:^1.0.8"
    mime-types: "npm:^2.1.12"
  checksum: de37c5684d843842d2cc2bc44a975d9fecdf1df30d061c90b62fc0caeeeeb45794bceaba7aa52ee5eae8ede01ba44215b26c58f41cf64271c513787b7241fce4
  languageName: node
  linkType: hard

"fs@npm:^0.0.1-security":
  version: 0.0.1-security
  resolution: "fs@npm:0.0.1-security"
  checksum: 0bb4dbc28772183fed666a8822959607ef515995a01362c8f7204594478a138edd2834ac908fd2745d21a07611a3e5fdd751f822ad38b4166c035011d72b06a7
  languageName: node
  linkType: hard

"graphql-tag@npm:^2.12.6":
  version: 2.12.6
  resolution: "graphql-tag@npm:2.12.6"
  dependencies:
    tslib: "npm:^2.1.0"
  peerDependencies:
    graphql: ^0.9.0 || ^0.10.0 || ^0.11.0 || ^0.12.0 || ^0.13.0 || ^14.0.0 || ^15.0.0 || ^16.0.0
  checksum: 35c9fbdc43bb9eddfa4223c19ce9a34370ee89c77e00e1b797d864e5eebac2551a52c42850d68a3be5fe7540d99cfa009e1f43cb79d2170f96bcce8eb7fc86cf
  languageName: node
  linkType: hard

"graphql@npm:^16.7.1":
  version: 16.7.1
  resolution: "graphql@npm:16.7.1"
  checksum: f391ef321598b62771b9a8e0c8bb7fae200648bdf1a5b1dec567a71d06a262d6da250aba814f36631fe8eae51fb24ab86dfca5acd1162527b2d9503218e7ea2d
  languageName: node
  linkType: hard

"hoist-non-react-statics@npm:^3.3.2":
  version: 3.3.2
  resolution: "hoist-non-react-statics@npm:3.3.2"
  dependencies:
    react-is: "npm:^16.7.0"
  checksum: fb03b1e426696928dfbae467baf12bdf123fccb051d92fd677c4f290d43dea52ebe7a555c3afc6f3babc657961df2ab50a70bb13739be72904f893598b98b8d7
  languageName: node
  linkType: hard

"js-tokens@npm:^3.0.0 || ^4.0.0":
  version: 4.0.0
  resolution: "js-tokens@npm:4.0.0"
  checksum: 47d1c18dc6b9eed4baf1db3d81b36feb95b463201c82ffce0d7a4d65ede596ba97d6ac2468974199705db9ef8a3433606af41fc7bbe7cb25c1dd601785413d9b
  languageName: node
  linkType: hard

"long@npm:^4.0.0":
  version: 4.0.0
  resolution: "long@npm:4.0.0"
  checksum: fc6d1bf0f251ec045c1004cb3a15be1dd6da11d8232cbfd63a4e7c5becd6d269ecac2e2f267114328280b20cdb00af435bd9a3d7b3af824484b59a635b9d52ab
  languageName: node
  linkType: hard

"long@npm:^5.2.0":
  version: 5.2.3
  resolution: "long@npm:5.2.3"
  checksum: 2f9db2d025e291fbd02e23a955cd00f18c263e82147df6dca302b1a1cd45f3851d31aef3a381373428185046ee700556af150145149bccfd74b7b87f683c66f1
  languageName: node
  linkType: hard

"loose-envify@npm:^1.1.0, loose-envify@npm:^1.4.0":
  version: 1.4.0
  resolution: "loose-envify@npm:1.4.0"
  dependencies:
    js-tokens: "npm:^3.0.0 || ^4.0.0"
  bin:
    loose-envify: cli.js
  checksum: 39c5fc44c6a8f7f8a92cccf174554fbb307477ef493760407920fdd4ed5f6cc1aec5b6a5ab3c3767ef79547b3e1aea09d8ca08d773232c662d910cfe473a0590
  languageName: node
  linkType: hard

"matchstick-as@npm:0.5.0":
  version: 0.5.0
  resolution: "matchstick-as@npm:0.5.0"
  dependencies:
    "@graphprotocol/graph-ts": "npm:^0.27.0"
    assemblyscript: "npm:^0.19.20"
    wabt: "npm:1.0.24"
  checksum: bd27b941b7faba092a79093bb4ef1702fcb061654c7af63a8788652767da3b783f09b7102eee17ce440ff6d4c04822d8cc75dca009f1922e5d02e80ad0615b0b
  languageName: node
  linkType: hard

"mime-db@npm:1.52.0":
  version: 1.52.0
  resolution: "mime-db@npm:1.52.0"
  checksum: 95baf687a3f14ff2cc433e30dea5c4931c7f4b67059d44a0098cfb833858cad63ec13c20f98762bddd088c4e9dac6d95862db1ea9d3fe3fa68f57b69a325000d
  languageName: node
  linkType: hard

"mime-types@npm:^2.1.12":
  version: 2.1.35
  resolution: "mime-types@npm:2.1.35"
  dependencies:
    mime-db: "npm:1.52.0"
  checksum: 51e3b38d1b1b83da082f7c29042bcb22036101346394696b7643ef5da27ebf6bf71643bd45225ee75e4ea2836213780efc8c3dcd2055c84b49eb0afc061419d0
  languageName: node
  linkType: hard

"moment@npm:^2.29.4":
  version: 2.29.4
  resolution: "moment@npm:2.29.4"
  checksum: d275537a30f155cae7f53f6e6d164ccb59b560935f3c6ed0f4a2e6f3503063b491ffa6b4f7e7207501f6fcab92a2d0bb78ed539cde33cadcb91df6b254f7328d
  languageName: node
  linkType: hard

"object-assign@npm:^4.1.1":
  version: 4.1.1
  resolution: "object-assign@npm:4.1.1"
  checksum: f5cd1f2f1e82e12207e4f2377d9d7d90fbc0d9822a6afa717a6dcab6930d8925e1ebbbb25df770c31ff11335ee423459ba65ffa2e53999926c328b806b4d73d6
  languageName: node
  linkType: hard

"optimism@npm:^0.16.2":
  version: 0.16.2
  resolution: "optimism@npm:0.16.2"
  dependencies:
    "@wry/context": "npm:^0.7.0"
    "@wry/trie": "npm:^0.3.0"
  checksum: 01219825b28a65ad84a7a7abd4d23e92a6cfb9be614b1ba13d245bd7a1c28d01083b59cc034bc5e554d4dc8e4849dd89be3a89ecdc133e38926e45cf967d744a
  languageName: node
  linkType: hard

"prop-types@npm:^15.7.2":
  version: 15.8.1
  resolution: "prop-types@npm:15.8.1"
  dependencies:
    loose-envify: "npm:^1.4.0"
    object-assign: "npm:^4.1.1"
    react-is: "npm:^16.13.1"
  checksum: 196295f119e0f38ec64b43c1121a7e3bdbfcf66b86a01d50df22a247eb22b644033097b53a3b0961ce64d540c7a2c505c844ff245cb548b4f6eda59bbac6fbf0
  languageName: node
  linkType: hard

"proxy-from-env@npm:^1.1.0":
  version: 1.1.0
  resolution: "proxy-from-env@npm:1.1.0"
  checksum: 0bba2ef7c8374b384e94e4477764e53df66fcdfa7d19e2c4a063cb39eea979c139ce13981970223665422e72b7d149609a927046e2e40ab340b84d91af082591
  languageName: node
  linkType: hard

"react-is@npm:^16.13.1, react-is@npm:^16.7.0":
  version: 16.13.1
  resolution: "react-is@npm:16.13.1"
  checksum: 0c9adc5d984db733fb1dd298f3e94cdec66bc328d27fb11df65971d2cc9a299008bc64baab8fe8e79943df85b445a1008b2cc9e270825d0fd056e5a0d2df8de6
  languageName: node
  linkType: hard

"react@npm:^18.2.0":
  version: 18.2.0
  resolution: "react@npm:18.2.0"
  dependencies:
    loose-envify: "npm:^1.1.0"
  checksum: 8434e5782c52b3bf18a80b666348977924ee3827895fa03ec3ffb9faca90c460049f14130428dd1546bab6cf3b2c277f2c243d3c2a856501331d2e69c24b2bb9
  languageName: node
  linkType: hard

"response-iterator@npm:^0.2.6":
  version: 0.2.6
  resolution: "response-iterator@npm:0.2.6"
  checksum: 4eda14b5b4a9b52ece22a128fe24cc4fa21a070baa016eb3ef6e0136334b6be2c97e8b9a4d206b296da90b2cd77c27a422ac44d58a69158645027773593fe4f8
  languageName: node
  linkType: hard

"source-map-support@npm:^0.5.20":
  version: 0.5.21
  resolution: "source-map-support@npm:0.5.21"
  dependencies:
    buffer-from: "npm:^1.0.0"
    source-map: "npm:^0.6.0"
  checksum: ab0f9bfbcfc32018966a7199de5aeafee03a38408852400962d302392aab16d670dc84e6eda937570c5ff09972ae23347804cdffc5fe3c5e382a5b04cee3d580
  languageName: node
  linkType: hard

"source-map@npm:^0.6.0":
  version: 0.6.1
  resolution: "source-map@npm:0.6.1"
  checksum: cba9f44c3a4a0485f44a7760ebe427eecdd3b58011ae0459c05506b54f898835b2302073d6afa563a19b60ee9e54c82e33bc4a032e28bebacdfc635f1d0bf7e0
  languageName: node
  linkType: hard

"symbol-observable@npm:^4.0.0":
  version: 4.0.0
  resolution: "symbol-observable@npm:4.0.0"
  checksum: ca21ea188b8a454d2bd570b7704bac4b113cfcabd5999adf874d1076cf805bd6f98915f5389a0fa32e2f9173617a1c62f310a0def00f406bcf0737ad952e529a
  languageName: node
  linkType: hard

"ts-invariant@npm:^0.10.3":
  version: 0.10.3
  resolution: "ts-invariant@npm:0.10.3"
  dependencies:
    tslib: "npm:^2.1.0"
  checksum: cb1991baa5a01b4f7cdb717edf677fb1cf8a414dcae14304aa82698b40e6f64753fd347a1690a5e88cfa0d6bcc3c045ddea58f9d0ecc6a9572498256d9395ddc
  languageName: node
  linkType: hard

"tslib@npm:^2.1.0, tslib@npm:^2.3.0":
  version: 2.6.0
  resolution: "tslib@npm:2.6.0"
  checksum: 702dfe42c86eb380ff985fd76ddf7f10375a2f9d0c2a3aae2a5553a74e0720f49899c9ba145152ccc02efbb6c5272a62b2913ee29a994d59749117c2193b9cfb
  languageName: node
  linkType: hard

"wabt@npm:1.0.24":
  version: 1.0.24
  resolution: "wabt@npm:1.0.24"
  bin:
    wasm-decompile: bin/wasm-decompile
    wasm-interp: bin/wasm-interp
    wasm-objdump: bin/wasm-objdump
    wasm-opcodecnt: bin/wasm-opcodecnt
    wasm-strip: bin/wasm-strip
    wasm-validate: bin/wasm-validate
    wasm2c: bin/wasm2c
    wasm2wat: bin/wasm2wat
    wat2wasm: bin/wat2wasm
  checksum: 518d56db51e88d108093814b21c772576c58b56f3c0deed6687d60e98451c774c61f366cb938fd5cbe5e292244d79154b050db3748d71137ee4c2f603a3b7edb
  languageName: node
  linkType: hard

"zen-observable-ts@npm:^1.2.5":
  version: 1.2.5
  resolution: "zen-observable-ts@npm:1.2.5"
  dependencies:
    zen-observable: "npm:0.8.15"
  checksum: 1086ac8f3a91eee4437f99e79b61f7f8c2b6040471d9a4356ee4e3b6e5b2627c4ab59a2ae7962f2f3c48d6816f2458f77d7e778d91a4a2e80102e36a0242643f
  languageName: node
  linkType: hard

"zen-observable@npm:0.8.15":
  version: 0.8.15
  resolution: "zen-observable@npm:0.8.15"
  checksum: 82d09c1bb61fdaef03edb3b96f2af90ec9ddcdb35616df249f9d7aaef3aa4e061c7ab8733678b184639a914d47ba6f77741072c1d1ebea93dcd299d85fcf969d
  languageName: node
  linkType: hard
